
Microsoft Visual Studio Solution File, Format Version 12.00
# Visual Studio Version 16
VisualStudioVersion = 16.0.30320.27
MinimumVisualStudioVersion = 10.0.40219.1
Project("{9A19103F-16F7-4668-BE54-9A1E7A4F7556}") = "MGI.STP7000.WebHost", "MGI.STP7000.WebHost\MGI.STP7000.WebHost.csproj", "{EC9BA8E0-655A-4EEE-8DCC-A00BFB74D012}"
EndProject
Project("{9A19103F-16F7-4668-BE54-9A1E7A4F7556}") = "Mgi.ALM.IOBoard", "Mgi.ALM.IOBoard\Mgi.ALM.IOBoard.csproj", "{A292225C-C6F2-41E3-9600-48E11E4BBBCC}"
EndProject
Project("{9A19103F-16F7-4668-BE54-9A1E7A4F7556}") = "Mgi.ALM.Util", "Mgi.ALM.Util\Mgi.ALM.Util.csproj", "{A4FFCC17-B63E-493E-8C8F-B73E1ED22529}"
EndProject
Project("{9A19103F-16F7-4668-BE54-9A1E7A4F7556}") = "Mgi.ALM.ZLims", "Mgi.ALM.ZLims\Mgi.ALM.ZLims.csproj", "{CDE56816-D156-438D-A8A4-8B9A88CE4CE2}"
EndProject
Project("{9A19103F-16F7-4668-BE54-9A1E7A4F7556}") = "Mgi.Barcode.Leuze", "Mgi.Barcode.Leuze\Mgi.Barcode.Leuze.csproj", "{2914AEAF-6DCA-482B-A7F4-D77ED7E3DFA6}"
EndProject
Project("{9A19103F-16F7-4668-BE54-9A1E7A4F7556}") = "Mgi.Epson.Robot.T3", "Mgi.Epson.Robot.T3\Mgi.Epson.Robot.T3.csproj", "{44F71AED-8525-4DDC-B4D7-854E042C827C}"
EndProject
Project("{9A19103F-16F7-4668-BE54-9A1E7A4F7556}") = "Mgi.Gripper.Zimma", "Mgi.Gripper.Zimma\Mgi.Gripper.Zimma.csproj", "{F1FB25EE-416E-47E6-8C64-DD2921077262}"
EndProject
Project("{9A19103F-16F7-4668-BE54-9A1E7A4F7556}") = "Mgi.Robot.Cantroller", "Mgi.Robot.Cantroller\Mgi.Robot.Cantroller.csproj", "{47481617-E1EA-4EE5-88DA-A63C115FCE10}"
EndProject
Project("{9A19103F-16F7-4668-BE54-9A1E7A4F7556}") = "ModbusTCP", "ModbusTCP\ModbusTCP.csproj", "{78A23B5B-CB72-4EDB-B594-5370D086197D}"
EndProject
Project("{9A19103F-16F7-4668-BE54-9A1E7A4F7556}") = "Mgi.STP7000.Service", "Mgi.STP.7000.Service\Mgi.STP7000.Service.csproj", "{560185CA-52D4-4FFD-8288-8130C8BD7B50}"
EndProject
Project("{9A19103F-16F7-4668-BE54-9A1E7A4F7556}") = "Mgi.STP7000.Repository", "Mgi.STP7000.Repository\Mgi.STP7000.Repository.csproj", "{4A6A2BC7-B5E8-442B-B330-3CC73C87A705}"
EndProject
Project("{9A19103F-16F7-4668-BE54-9A1E7A4F7556}") = "Mgi.STP7000.Infrastructure", "Mgi.STP7000.Infrastructure\Mgi.STP7000.Infrastructure.csproj", "{76A8349C-035A-4485-9604-779A366817CB}"
EndProject
Project("{FAE04EC0-301F-11D3-BF4B-00C04F79EFBC}") = "Mgi.STP7000.Model", "Mgi.STP7000.Model\Mgi.STP7000.Model.csproj", "{270BBF76-43DC-417D-84F3-924E181C4EA6}"
EndProject
Project("{2150E333-8FDC-42A3-9474-1A3956D46DE8}") = "Instrument", "Instrument", "{1D220363-8D4E-424B-8160-9BDE268F3421}"
EndProject
Project("{9A19103F-16F7-4668-BE54-9A1E7A4F7556}") = "Mgi.Instrument.ALM", "Mgi.Instrument.ALM\Mgi.Instrument.ALM.csproj", "{3D9E3DBB-CBF3-4116-80A3-01AD127076A4}"
EndProject
Global
	GlobalSection(SolutionConfigurationPlatforms) = preSolution
		Debug|Any CPU = Debug|Any CPU
		Release|Any CPU = Release|Any CPU
	EndGlobalSection
	GlobalSection(ProjectConfigurationPlatforms) = postSolution
		{EC9BA8E0-655A-4EEE-8DCC-A00BFB74D012}.Debug|Any CPU.ActiveCfg = Debug|Any CPU
		{EC9BA8E0-655A-4EEE-8DCC-A00BFB74D012}.Debug|Any CPU.Build.0 = Debug|Any CPU
		{EC9BA8E0-655A-4EEE-8DCC-A00BFB74D012}.Release|Any CPU.ActiveCfg = Release|Any CPU
		{EC9BA8E0-655A-4EEE-8DCC-A00BFB74D012}.Release|Any CPU.Build.0 = Release|Any CPU
		{A292225C-C6F2-41E3-9600-48E11E4BBBCC}.Debug|Any CPU.ActiveCfg = Debug|Any CPU
		{A292225C-C6F2-41E3-9600-48E11E4BBBCC}.Debug|Any CPU.Build.0 = Debug|Any CPU
		{A292225C-C6F2-41E3-9600-48E11E4BBBCC}.Release|Any CPU.ActiveCfg = Release|Any CPU
		{A292225C-C6F2-41E3-9600-48E11E4BBBCC}.Release|Any CPU.Build.0 = Release|Any CPU
		{A4FFCC17-B63E-493E-8C8F-B73E1ED22529}.Debug|Any CPU.ActiveCfg = Debug|Any CPU
		{A4FFCC17-B63E-493E-8C8F-B73E1ED22529}.Debug|Any CPU.Build.0 = Debug|Any CPU
		{A4FFCC17-B63E-493E-8C8F-B73E1ED22529}.Release|Any CPU.ActiveCfg = Release|Any CPU
		{A4FFCC17-B63E-493E-8C8F-B73E1ED22529}.Release|Any CPU.Build.0 = Release|Any CPU
		{CDE56816-D156-438D-A8A4-8B9A88CE4CE2}.Debug|Any CPU.ActiveCfg = Debug|Any CPU
		{CDE56816-D156-438D-A8A4-8B9A88CE4CE2}.Debug|Any CPU.Build.0 = Debug|Any CPU
		{CDE56816-D156-438D-A8A4-8B9A88CE4CE2}.Release|Any CPU.ActiveCfg = Release|Any CPU
		{CDE56816-D156-438D-A8A4-8B9A88CE4CE2}.Release|Any CPU.Build.0 = Release|Any CPU
		{2914AEAF-6DCA-482B-A7F4-D77ED7E3DFA6}.Debug|Any CPU.ActiveCfg = Debug|Any CPU
		{2914AEAF-6DCA-482B-A7F4-D77ED7E3DFA6}.Debug|Any CPU.Build.0 = Debug|Any CPU
		{2914AEAF-6DCA-482B-A7F4-D77ED7E3DFA6}.Release|Any CPU.ActiveCfg = Release|Any CPU
		{2914AEAF-6DCA-482B-A7F4-D77ED7E3DFA6}.Release|Any CPU.Build.0 = Release|Any CPU
		{44F71AED-8525-4DDC-B4D7-854E042C827C}.Debug|Any CPU.ActiveCfg = Debug|Any CPU
		{44F71AED-8525-4DDC-B4D7-854E042C827C}.Debug|Any CPU.Build.0 = Debug|Any CPU
		{44F71AED-8525-4DDC-B4D7-854E042C827C}.Release|Any CPU.ActiveCfg = Release|Any CPU
		{44F71AED-8525-4DDC-B4D7-854E042C827C}.Release|Any CPU.Build.0 = Release|Any CPU
		{F1FB25EE-416E-47E6-8C64-DD2921077262}.Debug|Any CPU.ActiveCfg = Debug|Any CPU
		{F1FB25EE-416E-47E6-8C64-DD2921077262}.Debug|Any CPU.Build.0 = Debug|Any CPU
		{F1FB25EE-416E-47E6-8C64-DD2921077262}.Release|Any CPU.ActiveCfg = Release|Any CPU
		{F1FB25EE-416E-47E6-8C64-DD2921077262}.Release|Any CPU.Build.0 = Release|Any CPU
		{47481617-E1EA-4EE5-88DA-A63C115FCE10}.Debug|Any CPU.ActiveCfg = Debug|Any CPU
		{47481617-E1EA-4EE5-88DA-A63C115FCE10}.Debug|Any CPU.Build.0 = Debug|Any CPU
		{47481617-E1EA-4EE5-88DA-A63C115FCE10}.Release|Any CPU.ActiveCfg = Release|Any CPU
		{47481617-E1EA-4EE5-88DA-A63C115FCE10}.Release|Any CPU.Build.0 = Release|Any CPU
		{78A23B5B-CB72-4EDB-B594-5370D086197D}.Debug|Any CPU.ActiveCfg = Debug|Any CPU
		{78A23B5B-CB72-4EDB-B594-5370D086197D}.Debug|Any CPU.Build.0 = Debug|Any CPU
		{78A23B5B-CB72-4EDB-B594-5370D086197D}.Release|Any CPU.ActiveCfg = Release|Any CPU
		{78A23B5B-CB72-4EDB-B594-5370D086197D}.Release|Any CPU.Build.0 = Release|Any CPU
		{560185CA-52D4-4FFD-8288-8130C8BD7B50}.Debug|Any CPU.ActiveCfg = Debug|Any CPU
		{560185CA-52D4-4FFD-8288-8130C8BD7B50}.Debug|Any CPU.Build.0 = Debug|Any CPU
		{560185CA-52D4-4FFD-8288-8130C8BD7B50}.Release|Any CPU.ActiveCfg = Release|Any CPU
		{560185CA-52D4-4FFD-8288-8130C8BD7B50}.Release|Any CPU.Build.0 = Release|Any CPU
		{4A6A2BC7-B5E8-442B-B330-3CC73C87A705}.Debug|Any CPU.ActiveCfg = Debug|Any CPU
		{4A6A2BC7-B5E8-442B-B330-3CC73C87A705}.Debug|Any CPU.Build.0 = Debug|Any CPU
		{4A6A2BC7-B5E8-442B-B330-3CC73C87A705}.Release|Any CPU.ActiveCfg = Release|Any CPU
		{4A6A2BC7-B5E8-442B-B330-3CC73C87A705}.Release|Any CPU.Build.0 = Release|Any CPU
		{76A8349C-035A-4485-9604-779A366817CB}.Debug|Any CPU.ActiveCfg = Debug|Any CPU
		{76A8349C-035A-4485-9604-779A366817CB}.Debug|Any CPU.Build.0 = Debug|Any CPU
		{76A8349C-035A-4485-9604-779A366817CB}.Release|Any CPU.ActiveCfg = Release|Any CPU
		{76A8349C-035A-4485-9604-779A366817CB}.Release|Any CPU.Build.0 = Release|Any CPU
		{270BBF76-43DC-417D-84F3-924E181C4EA6}.Debug|Any CPU.ActiveCfg = Debug|Any CPU
		{270BBF76-43DC-417D-84F3-924E181C4EA6}.Debug|Any CPU.Build.0 = Debug|Any CPU
		{270BBF76-43DC-417D-84F3-924E181C4EA6}.Release|Any CPU.ActiveCfg = Release|Any CPU
		{270BBF76-43DC-417D-84F3-924E181C4EA6}.Release|Any CPU.Build.0 = Release|Any CPU
		{3D9E3DBB-CBF3-4116-80A3-01AD127076A4}.Debug|Any CPU.ActiveCfg = Debug|Any CPU
		{3D9E3DBB-CBF3-4116-80A3-01AD127076A4}.Debug|Any CPU.Build.0 = Debug|Any CPU
		{3D9E3DBB-CBF3-4116-80A3-01AD127076A4}.Release|Any CPU.ActiveCfg = Release|Any CPU
		{3D9E3DBB-CBF3-4116-80A3-01AD127076A4}.Release|Any CPU.Build.0 = Release|Any CPU
	EndGlobalSection
	GlobalSection(SolutionProperties) = preSolution
		HideSolutionNode = FALSE
	EndGlobalSection
	GlobalSection(NestedProjects) = preSolution
		{A292225C-C6F2-41E3-9600-48E11E4BBBCC} = {1D220363-8D4E-424B-8160-9BDE268F3421}
		{A4FFCC17-B63E-493E-8C8F-B73E1ED22529} = {1D220363-8D4E-424B-8160-9BDE268F3421}
		{CDE56816-D156-438D-A8A4-8B9A88CE4CE2} = {1D220363-8D4E-424B-8160-9BDE268F3421}
		{2914AEAF-6DCA-482B-A7F4-D77ED7E3DFA6} = {1D220363-8D4E-424B-8160-9BDE268F3421}
		{44F71AED-8525-4DDC-B4D7-854E042C827C} = {1D220363-8D4E-424B-8160-9BDE268F3421}
		{F1FB25EE-416E-47E6-8C64-DD2921077262} = {1D220363-8D4E-424B-8160-9BDE268F3421}
		{47481617-E1EA-4EE5-88DA-A63C115FCE10} = {1D220363-8D4E-424B-8160-9BDE268F3421}
		{78A23B5B-CB72-4EDB-B594-5370D086197D} = {1D220363-8D4E-424B-8160-9BDE268F3421}
		{3D9E3DBB-CBF3-4116-80A3-01AD127076A4} = {1D220363-8D4E-424B-8160-9BDE268F3421}
	EndGlobalSection
	GlobalSection(ExtensibilityGlobals) = postSolution
		SolutionGuid = {C91E5803-4780-47FE-9791-F35CA1BE43F6}
	EndGlobalSection
EndGlobal
